
Microsoft Visual Studio Solution File, Format Version 12.00
Project("{FAE04EC0-301F-11D3-BF4B-00C04F79EFBC}") = "CompanyEmployees", "CompanyEmployees\CompanyEmployees.csproj", "{200ED466-FA4A-4EEF-A3FF-C5B82F61EEE8}"
EndProject
Project("{FAE04EC0-301F-11D3-BF4B-00C04F79EFBC}") = "Contracts", "Contracts\Contracts.csproj", "{55FC06AF-7AC9-459C-BF3B-78DD10A87CE2}"
EndProject
Project("{FAE04EC0-301F-11D3-BF4B-00C04F79EFBC}") = "LoggerService", "LoggerService\LoggerService.csproj", "{CD1FA0C4-9A1E-42F7-864F-BF7FFD494111}"
EndProject
Project("{FAE04EC0-301F-11D3-BF4B-00C04F79EFBC}") = "Entities", "Entities\Entities.csproj", "{C5B12AA1-A5F4-4CB6-9E03-A28D9101E04B}"
EndProject
Project("{FAE04EC0-301F-11D3-BF4B-00C04F79EFBC}") = "Repository", "Repository\Repository.csproj", "{55B7E9EF-3B34-4383-AC8E-4F06FA6ABD8A}"
EndProject
Project("{FAE04EC0-301F-11D3-BF4B-00C04F79EFBC}") = "Service.Contracts", "Service.Contracts\Service.Contracts.csproj", "{D8AA3CB8-E6A8-4A87-8666-BC042E0C7FB3}"
EndProject
Project("{FAE04EC0-301F-11D3-BF4B-00C04F79EFBC}") = "Service", "Service\Service.csproj", "{E08928D5-7048-4728-A9B7-E4B3698FA053}"
EndProject
Project("{FAE04EC0-301F-11D3-BF4B-00C04F79EFBC}") = "CompanyEmployees.Presentation", "CompanyEmployees.Presentation\CompanyEmployees.Presentation.csproj", "{665019AA-8343-4047-8D1B-3DB9DC0B131E}"
EndProject
Project("{FAE04EC0-301F-11D3-BF4B-00C04F79EFBC}") = "Shared", "Shared\Shared.csproj", "{57FBB542-13C2-4EB6-9EA1-4505522187B1}"
EndProject
Global
	GlobalSection(SolutionConfigurationPlatforms) = preSolution
		Debug|Any CPU = Debug|Any CPU
		Release|Any CPU = Release|Any CPU
	EndGlobalSection
	GlobalSection(ProjectConfigurationPlatforms) = postSolution
		{200ED466-FA4A-4EEF-A3FF-C5B82F61EEE8}.Debug|Any CPU.ActiveCfg = Debug|Any CPU
		{200ED466-FA4A-4EEF-A3FF-C5B82F61EEE8}.Debug|Any CPU.Build.0 = Debug|Any CPU
		{200ED466-FA4A-4EEF-A3FF-C5B82F61EEE8}.Release|Any CPU.ActiveCfg = Release|Any CPU
		{200ED466-FA4A-4EEF-A3FF-C5B82F61EEE8}.Release|Any CPU.Build.0 = Release|Any CPU
		{55FC06AF-7AC9-459C-BF3B-78DD10A87CE2}.Debug|Any CPU.ActiveCfg = Debug|Any CPU
		{55FC06AF-7AC9-459C-BF3B-78DD10A87CE2}.Debug|Any CPU.Build.0 = Debug|Any CPU
		{55FC06AF-7AC9-459C-BF3B-78DD10A87CE2}.Release|Any CPU.ActiveCfg = Release|Any CPU
		{55FC06AF-7AC9-459C-BF3B-78DD10A87CE2}.Release|Any CPU.Build.0 = Release|Any CPU
		{CD1FA0C4-9A1E-42F7-864F-BF7FFD494111}.Debug|Any CPU.ActiveCfg = Debug|Any CPU
		{CD1FA0C4-9A1E-42F7-864F-BF7FFD494111}.Debug|Any CPU.Build.0 = Debug|Any CPU
		{CD1FA0C4-9A1E-42F7-864F-BF7FFD494111}.Release|Any CPU.ActiveCfg = Release|Any CPU
		{CD1FA0C4-9A1E-42F7-864F-BF7FFD494111}.Release|Any CPU.Build.0 = Release|Any CPU
		{C5B12AA1-A5F4-4CB6-9E03-A28D9101E04B}.Debug|Any CPU.ActiveCfg = Debug|Any CPU
		{C5B12AA1-A5F4-4CB6-9E03-A28D9101E04B}.Debug|Any CPU.Build.0 = Debug|Any CPU
		{C5B12AA1-A5F4-4CB6-9E03-A28D9101E04B}.Release|Any CPU.ActiveCfg = Release|Any CPU
		{C5B12AA1-A5F4-4CB6-9E03-A28D9101E04B}.Release|Any CPU.Build.0 = Release|Any CPU
		{55B7E9EF-3B34-4383-AC8E-4F06FA6ABD8A}.Debug|Any CPU.ActiveCfg = Debug|Any CPU
		{55B7E9EF-3B34-4383-AC8E-4F06FA6ABD8A}.Debug|Any CPU.Build.0 = Debug|Any CPU
		{55B7E9EF-3B34-4383-AC8E-4F06FA6ABD8A}.Release|Any CPU.ActiveCfg = Release|Any CPU
		{55B7E9EF-3B34-4383-AC8E-4F06FA6ABD8A}.Release|Any CPU.Build.0 = Release|Any CPU
		{D8AA3CB8-E6A8-4A87-8666-BC042E0C7FB3}.Debug|Any CPU.ActiveCfg = Debug|Any CPU
		{D8AA3CB8-E6A8-4A87-8666-BC042E0C7FB3}.Debug|Any CPU.Build.0 = Debug|Any CPU
		{D8AA3CB8-E6A8-4A87-8666-BC042E0C7FB3}.Release|Any CPU.ActiveCfg = Release|Any CPU
		{D8AA3CB8-E6A8-4A87-8666-BC042E0C7FB3}.Release|Any CPU.Build.0 = Release|Any CPU
		{E08928D5-7048-4728-A9B7-E4B3698FA053}.Debug|Any CPU.ActiveCfg = Debug|Any CPU
		{E08928D5-7048-4728-A9B7-E4B3698FA053}.Debug|Any CPU.Build.0 = Debug|Any CPU
		{E08928D5-7048-4728-A9B7-E4B3698FA053}.Release|Any CPU.ActiveCfg = Release|Any CPU
		{E08928D5-7048-4728-A9B7-E4B3698FA053}.Release|Any CPU.Build.0 = Release|Any CPU
		{665019AA-8343-4047-8D1B-3DB9DC0B131E}.Debug|Any CPU.ActiveCfg = Debug|Any CPU
		{665019AA-8343-4047-8D1B-3DB9DC0B131E}.Debug|Any CPU.Build.0 = Debug|Any CPU
		{665019AA-8343-4047-8D1B-3DB9DC0B131E}.Release|Any CPU.ActiveCfg = Release|Any CPU
		{665019AA-8343-4047-8D1B-3DB9DC0B131E}.Release|Any CPU.Build.0 = Release|Any CPU
		{57FBB542-13C2-4EB6-9EA1-4505522187B1}.Debug|Any CPU.ActiveCfg = Debug|Any CPU
		{57FBB542-13C2-4EB6-9EA1-4505522187B1}.Debug|Any CPU.Build.0 = Debug|Any CPU
		{57FBB542-13C2-4EB6-9EA1-4505522187B1}.Release|Any CPU.ActiveCfg = Release|Any CPU
		{57FBB542-13C2-4EB6-9EA1-4505522187B1}.Release|Any CPU.Build.0 = Release|Any CPU
	EndGlobalSection
EndGlobal
